
Microsoft Visual Studio Solution File, Format Version 12.00
# Visual Studio Version 16
VisualStudioVersion = 16.0.29911.84
MinimumVisualStudioVersion = 10.0.40219.1
Project("{9A19103F-16F7-4668-BE54-9A1E7A4F7556}") = "PastebinAPI", "PastebinAPI\PastebinAPI.csproj", "{198F990F-5DBB-45AE-A98A-8E4771CC0D0D}"
EndProject
Project("{FAE04EC0-301F-11D3-BF4B-00C04F79EFBC}") = "Example", "Example\Example.csproj", "{A5681A4D-808E-455A-8C3E-7C4D99F9D64E}"
EndProject
Global
	GlobalSection(SolutionConfigurationPlatforms) = preSolution
		Debug|Any CPU = Debug|Any CPU
		Debug|Mixed Platforms = Debug|Mixed Platforms
		Debug|x86 = Debug|x86
		Release|Any CPU = Release|Any CPU
		Release|Mixed Platforms = Release|Mixed Platforms
		Release|x86 = Release|x86
	EndGlobalSection
	GlobalSection(ProjectConfigurationPlatforms) = postSolution
		{198F990F-5DBB-45AE-A98A-8E4771CC0D0D}.Debug|Any CPU.ActiveCfg = Debug|Any CPU
		{198F990F-5DBB-45AE-A98A-8E4771CC0D0D}.Debug|Any CPU.Build.0 = Debug|Any CPU
		{198F990F-5DBB-45AE-A98A-8E4771CC0D0D}.Debug|Mixed Platforms.ActiveCfg = Debug|Any CPU
		{198F990F-5DBB-45AE-A98A-8E4771CC0D0D}.Debug|Mixed Platforms.Build.0 = Debug|Any CPU
		{198F990F-5DBB-45AE-A98A-8E4771CC0D0D}.Debug|x86.ActiveCfg = Debug|Any CPU
		{198F990F-5DBB-45AE-A98A-8E4771CC0D0D}.Debug|x86.Build.0 = Debug|Any CPU
		{198F990F-5DBB-45AE-A98A-8E4771CC0D0D}.Release|Any CPU.ActiveCfg = Release|Any CPU
		{198F990F-5DBB-45AE-A98A-8E4771CC0D0D}.Release|Any CPU.Build.0 = Release|Any CPU
		{198F990F-5DBB-45AE-A98A-8E4771CC0D0D}.Release|Mixed Platforms.ActiveCfg = Release|Any CPU
		{198F990F-5DBB-45AE-A98A-8E4771CC0D0D}.Release|Mixed Platforms.Build.0 = Release|Any CPU
		{198F990F-5DBB-45AE-A98A-8E4771CC0D0D}.Release|x86.ActiveCfg = Release|Any CPU
		{198F990F-5DBB-45AE-A98A-8E4771CC0D0D}.Release|x86.Build.0 = Release|Any CPU
		{A5681A4D-808E-455A-8C3E-7C4D99F9D64E}.Debug|Any CPU.ActiveCfg = Debug|Any CPU
		{A5681A4D-808E-455A-8C3E-7C4D99F9D64E}.Debug|Any CPU.Build.0 = Debug|Any CPU
		{A5681A4D-808E-455A-8C3E-7C4D99F9D64E}.Debug|Mixed Platforms.ActiveCfg = Debug|Any CPU
		{A5681A4D-808E-455A-8C3E-7C4D99F9D64E}.Debug|Mixed Platforms.Build.0 = Debug|Any CPU
		{A5681A4D-808E-455A-8C3E-7C4D99F9D64E}.Debug|x86.ActiveCfg = Debug|Any CPU
		{A5681A4D-808E-455A-8C3E-7C4D99F9D64E}.Debug|x86.Build.0 = Debug|Any CPU
		{A5681A4D-808E-455A-8C3E-7C4D99F9D64E}.Release|Any CPU.ActiveCfg = Release|Any CPU
		{A5681A4D-808E-455A-8C3E-7C4D99F9D64E}.Release|Any CPU.Build.0 = Release|Any CPU
		{A5681A4D-808E-455A-8C3E-7C4D99F9D64E}.Release|Mixed Platforms.ActiveCfg = Release|Any CPU
		{A5681A4D-808E-455A-8C3E-7C4D99F9D64E}.Release|Mixed Platforms.Build.0 = Release|Any CPU
		{A5681A4D-808E-455A-8C3E-7C4D99F9D64E}.Release|x86.ActiveCfg = Release|Any CPU
		{A5681A4D-808E-455A-8C3E-7C4D99F9D64E}.Release|x86.Build.0 = Release|Any CPU
	EndGlobalSection
	GlobalSection(SolutionProperties) = preSolution
		HideSolutionNode = FALSE
	EndGlobalSection
	GlobalSection(ExtensibilityGlobals) = postSolution
		SolutionGuid = {0750BC1C-35B6-4841-91A7-47E41BFE6606}
	EndGlobalSection
EndGlobal
